// !$*UTF8*$!
{
	archiveVersion = 1;
	classes = {
	};
	objectVersion = 46;
	objects = {

/* Begin PBXBuildFile section */
		7FDD81C71EF38B6D00C924B1 /* PlaySoundsViewController+Audio.swift in Sources */ = {isa = PBXBuildFile; fileRef = 7FDD81C61EF38B6D00C924B1 /* PlaySoundsViewController+Audio.swift */; };
		7FFBF34C1EF083B3002D1A36 /* AppDelegate.swift in Sources */ = {isa = PBXBuildFile; fileRef = 7FFBF34B1EF083B3002D1A36 /* AppDelegate.swift */; };
		7FFBF34E1EF083B3002D1A36 /* RecordSoundsViewController.swift in Sources */ = {isa = PBXBuildFile; fileRef = 7FFBF34D1EF083B3002D1A36 /* RecordSoundsViewController.swift */; };
		7FFBF3511EF083B3002D1A36 /* Main.storyboard in Resources */ = {isa = PBXBuildFile; fileRef = 7FFBF34F1EF083B3002D1A36 /* Main.storyboard */; };
		7FFBF3531EF083B3002D1A36 /* Assets.xcassets in Resources */ = {isa = PBXBuildFile; fileRef = 7FFBF3521EF083B3002D1A36 /* Assets.xcassets */; };
		7FFBF3561EF083B3002D1A36 /* LaunchScreen.storyboard in Resources */ = {isa = PBXBuildFile; fileRef = 7FFBF3541EF083B3002D1A36 /* LaunchScreen.storyboard */; };
		7FFBF35E1EF1920F002D1A36 /* PlaySoundsViewController.swift in Sources */ = {isa = PBXBuildFile; fileRef = 7FFBF35D1EF1920F002D1A36 /* PlaySoundsViewController.swift */; };
/* End PBXBuildFile section */

/* Begin PBXFileReference section */
		7F50E1821EFABE18008E880C /* PitchPerfect.entitlements */ = {isa = PBXFileReference; lastKnownFileType = text.plist.entitlements; path = PitchPerfect.entitlements; sourceTree = "<group>"; };
		7FDD81C61EF38B6D00C924B1 /* PlaySoundsViewController+Audio.swift */ = {isa = PBXFileReference; fileEncoding = 4; lastKnownFileType = sourcecode.swift; path = "PlaySoundsViewController+Audio.swift"; sourceTree = "<group>"; };
		7FFBF3481EF083B3002D1A36 /* PitchPerfect.app */ = {isa = PBXFileReference; explicitFileType = wrapper.application; includeInIndex = 0; path = PitchPerfect.app; sourceTree = BUILT_PRODUCTS_DIR; };
		7FFBF34B1EF083B3002D1A36 /* AppDelegate.swift */ = {isa = PBXFileReference; lastKnownFileType = sourcecode.swift; path = AppDelegate.swift; sourceTree = "<group>"; };
		7FFBF34D1EF083B3002D1A36 /* RecordSoundsViewController.swift */ = {isa = PBXFileReference; lastKnownFileType = sourcecode.swift; path = RecordSoundsViewController.swift; sourceTree = "<group>"; };
		7FFBF3501EF083B3002D1A36 /* Base */ = {isa = PBXFileReference; lastKnownFileType = file.storyboard; name = Base; path = Base.lproj/Main.storyboard; sourceTree = "<group>"; };
		7FFBF3521EF083B3002D1A36 /* Assets.xcassets */ = {isa = PBXFileReference; lastKnownFileType = folder.assetcatalog; path = Assets.xcassets; sourceTree = "<group>"; };
		7FFBF3551EF083B3002D1A36 /* Base */ = {isa = PBXFileReference; lastKnownFileType = file.storyboard; name = Base; path = Base.lproj/LaunchScreen.storyboard; sourceTree = "<group>"; };
		7FFBF3571EF083B3002D1A36 /* Info.plist */ = {isa = PBXFileReference; lastKnownFileType = text.plist.xml; path = Info.plist; sourceTree = "<group>"; };
		7FFBF35D1EF1920F002D1A36 /* PlaySoundsViewController.swift */ = {isa = PBXFileReference; fileEncoding = 4; lastKnownFileType = sourcecode.swift; path = PlaySoundsViewController.swift; sourceTree = "<group>"; };
/* End PBXFileReference section */

/* Begin PBXFrameworksBuildPhase section */
		7FFBF3451EF083B3002D1A36 /* Frameworks */ = {
			isa = PBXFrameworksBuildPhase;
			buildActionMask = 2147483647;
			files = (
			);
			runOnlyForDeploymentPostprocessing = 0;
		};
/* End PBXFrameworksBuildPhase section */

/* Begin PBXGroup section */
		7F50E1831EFABE18008E880C /* Frameworks */ = {
			isa = PBXGroup;
			children = (
			);
			name = Frameworks;
			sourceTree = "<group>";
		};
		7FFBF33F1EF083B3002D1A36 = {
			isa = PBXGroup;
			children = (
				7FFBF34A1EF083B3002D1A36 /* PitchPerfect */,
				7FFBF3491EF083B3002D1A36 /* Products */,
				7F50E1831EFABE18008E880C /* Frameworks */,
			);
			sourceTree = "<group>";
		};
		7FFBF3491EF083B3002D1A36 /* Products */ = {
			isa = PBXGroup;
			children = (
				7FFBF3481EF083B3002D1A36 /* PitchPerfect.app */,
			);
			name = Products;
			sourceTree = "<group>";
		};
		7FFBF34A1EF083B3002D1A36 /* PitchPerfect */ = {
			isa = PBXGroup;
			children = (
				7F50E1821EFABE18008E880C /* PitchPerfect.entitlements */,
				7FFBF34B1EF083B3002D1A36 /* AppDelegate.swift */,
				7FFBF34D1EF083B3002D1A36 /* RecordSoundsViewController.swift */,
				7FFBF35D1EF1920F002D1A36 /* PlaySoundsViewController.swift */,
				7FDD81C61EF38B6D00C924B1 /* PlaySoundsViewController+Audio.swift */,
				7FFBF34F1EF083B3002D1A36 /* Main.storyboard */,
				7FFBF3521EF083B3002D1A36 /* Assets.xcassets */,
				7FFBF3541EF083B3002D1A36 /* LaunchScreen.storyboard */,
				7FFBF3571EF083B3002D1A36 /* Info.plist */,
			);
			path = PitchPerfect;
			sourceTree = "<group>";
		};
/* End PBXGroup section */

/* Begin PBXNativeTarget section */
		7FFBF3471EF083B3002D1A36 /* PitchPerfect */ = {
			isa = PBXNativeTarget;
			buildConfigurationList = 7FFBF35A1EF083B3002D1A36 /* Build configuration list for PBXNativeTarget "PitchPerfect" */;
			buildPhases = (
				7FFBF3441EF083B3002D1A36 /* Sources */,
				7FFBF3451EF083B3002D1A36 /* Frameworks */,
				7FFBF3461EF083B3002D1A36 /* Resources */,
			);
			buildRules = (
			);
			dependencies = (
			);
			name = PitchPerfect;
			productName = PitchPerfect;
			productReference = 7FFBF3481EF083B3002D1A36 /* PitchPerfect.app */;
			productType = "com.apple.product-type.application";
		};
/* End PBXNativeTarget section */

/* Begin PBXProject section */
		7FFBF3401EF083B3002D1A36 /* Project object */ = {
			isa = PBXProject;
			attributes = {
				LastSwiftUpdateCheck = 0830;
				LastUpgradeCheck = 0830;
				ORGANIZATIONNAME = "Derek Justus";
				TargetAttributes = {
					7FFBF3471EF083B3002D1A36 = {
						CreatedOnToolsVersion = 8.3.2;
						DevelopmentTeam = TDZS954DMQ;
						ProvisioningStyle = Automatic;
						SystemCapabilities = {
							com.apple.InterAppAudio = {
								enabled = 0;
							};
						};
					};
				};
			};
			buildConfigurationList = 7FFBF3431EF083B3002D1A36 /* Build configuration list for PBXProject "PitchPerfect" */;
			compatibilityVersion = "Xcode 3.2";
			developmentRegion = English;
			hasScannedForEncodings = 0;
			knownRegions = (
				en,
				Base,
			);
			mainGroup = 7FFBF33F1EF083B3002D1A36;
			productRefGroup = 7FFBF3491EF083B3002D1A36 /* Products */;
			projectDirPath = "";
			projectRoot = "";
			targets = (
				7FFBF3471EF083B3002D1A36 /* PitchPerfect */,
			);
		};
/* End PBXProject section */

/* Begin PBXResourcesBuildPhase section */
		7FFBF3461EF083B3002D1A36 /* Resources */ = {
			isa = PBXResourcesBuildPhase;
			buildActionMask = 2147483647;
			files = (
				7FFBF3561EF083B3002D1A36 /* LaunchScreen.storyboard in Resources */,
				7FFBF3531EF083B3002D1A36 /* Assets.xcassets in Resources */,
				7FFBF3511EF083B3002D1A36 /* Main.storyboard in Resources */,
			);
			runOnlyForDeploymentPostprocessing = 0;
		};
/* End PBXResourcesBuildPhase section */

/* Begin PBXSourcesBuildPhase section */
		7FFBF3441EF083B3002D1A36 /* Sources */ = {
			isa = PBXSourcesBuildPhase;
			buildActionMask = 2147483647;
			files = (
				7FFBF34E1EF083B3002D1A36 /* RecordSoundsViewController.swift in Sources */,
				7FFBF35E1EF1920F002D1A36 /* PlaySoundsViewController.swift in Sources */,
				7FFBF34C1EF083B3002D1A36 /* AppDelegate.swift in Sources */,
				7FDD81C71EF38B6D00C924B1 /* PlaySoundsViewController+Audio.swift in Sources */,
			);
			runOnlyForDeploymentPostprocessing = 0;
		};
/* End PBXSourcesBuildPhase section */

/* Begin PBXVariantGroup section */
		7FFBF34F1EF083B3002D1A36 /* Main.storyboard */ = {
			isa = PBXVariantGroup;
			children = (
				7FFBF3501EF083B3002D1A36 /* Base */,
			);
			name = Main.storyboard;
			sourceTree = "<group>";
		};
		7FFBF3541EF083B3002D1A36 /* LaunchScreen.storyboard */ = {
			isa = PBXVariantGroup;
			children = (
				7FFBF3551EF083B3002D1A36 /* Base */,
			);
			name = LaunchScreen.storyboard;
			sourceTree = "<group>";
		};
/* End PBXVariantGroup section */

/* Begin XCBuildConfiguration section */
		7FFBF3581EF083B3002D1A36 /* Debug */ = {
			isa = XCBuildConfiguration;
			buildSettings = {
				ALWAYS_SEARCH_USER_PATHS = NO;
				CLANG_ANALYZER_NONNULL = YES;
				CLANG_ANALYZER_NUMBER_OBJECT_CONVERSION = YES_AGGRESSIVE;
				CLANG_CXX_LANGUAGE_STANDARD = "gnu++0x";
				CLANG_CXX_LIBRARY = "libc++";
				CLANG_ENABLE_MODULES = YES;
				CLANG_ENABLE_OBJC_ARC = YES;
				CLANG_WARN_BOOL_CONVERSION = YES;
				CLANG_WARN_CONSTANT_CONVERSION = YES;
				CLANG_WARN_DIRECT_OBJC_ISA_USAGE = YES_ERROR;
				CLANG_WARN_DOCUMENTATION_COMMENTS = YES;
				CLANG_WARN_EMPTY_BODY = YES;
				CLANG_WARN_ENUM_CONVERSION = YES;
				CLANG_WARN_INFINITE_RECURSION = YES;
				CLANG_WARN_INT_CONVERSION = YES;
				CLANG_WARN_OBJC_ROOT_CLASS = YES_ERROR;
				CLANG_WARN_SUSPICIOUS_MOVE = YES;
				CLANG_WARN_UNREACHABLE_CODE = YES;
				CLANG_WARN__DUPLICATE_METHOD_MATCH = YES;
				"CODE_SIGN_IDENTITY[sdk=iphoneos*]" = "iPhone Developer";
				COPY_PHASE_STRIP = NO;
				DEBUG_INFORMATION_FORMAT = dwarf;
				ENABLE_STRICT_OBJC_MSGSEND = YES;
				ENABLE_TESTABILITY = YES;
				GCC_C_LANGUAGE_STANDARD = gnu99;
				GCC_DYNAMIC_NO_PIC = NO;
				GCC_NO_COMMON_BLOCKS = YES;
				GCC_OPTIMIZATION_LEVEL = 0;
				GCC_PREPROCESSOR_DEFINITIONS = (
					"DEBUG=1",
					"$(inherited)",
				);
				GCC_WARN_64_TO_32_BIT_CONVERSION = YES;
				GCC_WARN_ABOUT_RETURN_TYPE = YES_ERROR;
				GCC_WARN_UNDECLARED_SELECTOR = YES;
				GCC_WARN_UNINITIALIZED_AUTOS = YES_AGGRESSIVE;
				GCC_WARN_UNUSED_FUNCTION = YES;
				GCC_WARN_UNUSED_VARIABLE = YES;
				IPHONEOS_DEPLOYMENT_TARGET = 10.3;
				MTL_ENABLE_DEBUG_INFO = YES;
				ONLY_ACTIVE_ARCH = YES;
				SDKROOT = iphoneos;
				SWIFT_ACTIVE_COMPILATION_CONDITIONS = DEBUG;
				SWIFT_OPTIMIZATION_LEVEL = "-Onone";
				TARGETED_DEVICE_FAMILY = "1,2";
			};
			name = Debug;
		};
		7FFBF3591EF083B3002D1A36 /* Release */ = {
			isa = XCBuildConfiguration;
			buildSettings = {
				ALWAYS_SEARCH_USER_PATHS = NO;
				CLANG_ANALYZER_NONNULL = YES;
				CLANG_ANALYZER_NUMBER_OBJECT_CONVERSION = YES_AGGRESSIVE;
				CLANG_CXX_LANGUAGE_STANDARD = "gnu++0x";
				CLANG_CXX_LIBRARY = "libc++";
				CLANG_ENABLE_MODULES = YES;
				CLANG_ENABLE_OBJC_ARC = YES;
				CLANG_WARN_BOOL_CONVERSION = YES;
				CLANG_WARN_CONSTANT_CONVERSION = YES;
				CLANG_WARN_DIRECT_OBJC_ISA_USAGE = YES_ERROR;
				CLANG_WARN_DOCUMENTATION_COMMENTS = YES;
				CLANG_WARN_EMPTY_BODY = YES;
				CLANG_WARN_ENUM_CONVERSION = YES;
				CLANG_WARN_INFINITE_RECURSION = YES;
				CLANG_WARN_INT_CONVERSION = YES;
				CLANG_WARN_OBJC_ROOT_CLASS = YES_ERROR;
				CLANG_WARN_SUSPICIOUS_MOVE = YES;
				CLANG_WARN_UNREACHABLE_CODE = YES;
				CLANG_WARN__DUPLICATE_METHOD_MATCH = YES;
				"CODE_SIGN_IDENTITY[sdk=iphoneos*]" = "iPhone Developer";
				COPY_PHASE_STRIP = NO;
				DEBUG_INFORMATION_FORMAT = "dwarf-with-dsym";
				ENABLE_NS_ASSERTIONS = NO;
				ENABLE_STRICT_OBJC_MSGSEND = YES;
				GCC_C_LANGUAGE_STANDARD = gnu99;
				GCC_NO_COMMON_BLOCKS = YES;
				GCC_WARN_64_TO_32_BIT_CONVERSION = YES;
				GCC_WARN_ABOUT_RETURN_TYPE = YES_ERROR;
				GCC_WARN_UNDECLARED_SELECTOR = YES;
				GCC_WARN_UNINITIALIZED_AUTOS = YES_AGGRESSIVE;
				GCC_WARN_UNUSED_FUNCTION = YES;
				GCC_WARN_UNUSED_VARIABLE = YES;
				IPHONEOS_DEPLOYMENT_TARGET = 10.3;
				MTL_ENABLE_DEBUG_INFO = NO;
				SDKROOT = iphoneos;
				SWIFT_OPTIMIZATION_LEVEL = "-Owholemodule";
				TARGETED_DEVICE_FAMILY = "1,2";
				VALIDATE_PRODUCT = YES;
			};
			name = Release;
		};
		7FFBF35B1EF083B3002D1A36 /* Debug */ = {
			isa = XCBuildConfiguration;
			buildSettings = {
				ASSETCATALOG_COMPILER_APPICON_NAME = AppIcon;
				DEVELOPMENT_TEAM = TDZS954DMQ;
				INFOPLIST_FILE = PitchPerfect/Info.plist;
				LD_RUNPATH_SEARCH_PATHS = "$(inherited) @executable_path/Frameworks";
				PRODUCT_BUNDLE_IDENTIFIER = com.iosnano.PitchPerfect;
				PRODUCT_NAME = "$(TARGET_NAME)";
				SWIFT_VERSION = 3.0;
			};
			name = Debug;
		};
		7FFBF35C1EF083B3002D1A36 /* Release */ = {
			isa = XCBuildConfiguration;
			buildSettings = {
				ASSETCATALOG_COMPILER_APPICON_NAME = AppIcon;
				DEVELOPMENT_TEAM = TDZS954DMQ;
				INFOPLIST_FILE = PitchPerfect/Info.plist;
				LD_RUNPATH_SEARCH_PATHS = "$(inherited) @executable_path/Frameworks";
				PRODUCT_BUNDLE_IDENTIFIER = com.iosnano.PitchPerfect;
				PRODUCT_NAME = "$(TARGET_NAME)";
				SWIFT_VERSION = 3.0;
			};
			name = Release;
		};
/* End XCBuildConfiguration section */

/* Begin XCConfigurationList section */
		7FFBF3431EF083B3002D1A36 /* Build configuration list for PBXProject "PitchPerfect" */ = {
			isa = XCConfigurationList;
			buildConfigurations = (
				7FFBF3581EF083B3002D1A36 /* Debug */,
				7FFBF3591EF083B3002D1A36 /* Release */,
			);
			defaultConfigurationIsVisible = 0;
			defaultConfigurationName = Release;
		};
		7FFBF35A1EF083B3002D1A36 /* Build configuration list for PBXNativeTarget "PitchPerfect" */ = {
			isa = XCConfigurationList;
			buildConfigurations = (
				7FFBF35B1EF083B3002D1A36 /* Debug */,
				7FFBF35C1EF083B3002D1A36 /* Release */,
			);
			defaultConfigurationIsVisible = 0;
			defaultConfigurationName = Release;
		};
/* End XCConfigurationList section */
	};
	rootObject = 7FFBF3401EF083B3002D1A36 /* Project object */;
}
